
Microsoft Visual Studio Solution File, Format Version 12.00
# Visual Studio 15
VisualStudioVersion = 15.0.26430.12
MinimumVisualStudioVersion = 10.0.40219.1
Project("{FAE04EC0-301F-11D3-BF4B-00C04F79EFBC}") = "NeuralNetwork", "NeuralNetwork\NeuralNetwork.csproj", "{5CBAD617-55D5-4DE9-86E7-DA73429606DF}"
EndProject
Project("{FAE04EC0-301F-11D3-BF4B-00C04F79EFBC}") = "NeuralNetwork.Console", "NeuralNetwork.Console\NeuralNetwork.Console.csproj", "{04BC6AAE-4C85-4E00-9426-9EE7834BF95A}"
EndProject
Global
	GlobalSection(SolutionConfigurationPlatforms) = preSolution
		Debug|Any CPU = Debug|Any CPU
		Release|Any CPU = Release|Any CPU
	EndGlobalSection
	GlobalSection(ProjectConfigurationPlatforms) = postSolution
		{5CBAD617-55D5-4DE9-86E7-DA73429606DF}.Debug|Any CPU.ActiveCfg = Debug|Any CPU
		{5CBAD617-55D5-4DE9-86E7-DA73429606DF}.Debug|Any CPU.Build.0 = Debug|Any CPU
		{5CBAD617-55D5-4DE9-86E7-DA73429606DF}.Release|Any CPU.ActiveCfg = Release|Any CPU
		{5CBAD617-55D5-4DE9-86E7-DA73429606DF}.Release|Any CPU.Build.0 = Release|Any CPU
		{04BC6AAE-4C85-4E00-9426-9EE7834BF95A}.Debug|Any CPU.ActiveCfg = Debug|Any CPU
		{04BC6AAE-4C85-4E00-9426-9EE7834BF95A}.Debug|Any CPU.Build.0 = Debug|Any CPU
		{04BC6AAE-4C85-4E00-9426-9EE7834BF95A}.Release|Any CPU.ActiveCfg = Release|Any CPU
		{04BC6AAE-4C85-4E00-9426-9EE7834BF95A}.Release|Any CPU.Build.0 = Release|Any CPU
	EndGlobalSection
	GlobalSection(SolutionProperties) = preSolution
		HideSolutionNode = FALSE
	EndGlobalSection
EndGlobal
