
Microsoft Visual Studio Solution File, Format Version 12.00
# Visual Studio 15
VisualStudioVersion = 15.0.26430.12
MinimumVisualStudioVersion = 10.0.40219.1
Project("{FAE04EC0-301F-11D3-BF4B-00C04F79EFBC}") = "PTrampert.NeuralNetwork", "NeuralNetwork\PTrampert.NeuralNetwork.csproj", "{5CBAD617-55D5-4DE9-86E7-DA73429606DF}"
EndProject
Project("{FAE04EC0-301F-11D3-BF4B-00C04F79EFBC}") = "PTrampert.NeuralNetwork.Sample", "NeuralNetwork.Sample\PTrampert.NeuralNetwork.Sample.csproj", "{45BF6842-6B7F-48BE-B004-AAADC0DCF5B2}"
EndProject
Project("{FAE04EC0-301F-11D3-BF4B-00C04F79EFBC}") = "PTrampert.NeuralNetwork.Test", "NeuralNetwork.Test\PTrampert.NeuralNetwork.Test.csproj", "{2DCF4C39-5962-4A91-B042-370A181ED22E}"
EndProject
Global
	GlobalSection(SolutionConfigurationPlatforms) = preSolution
		Debug|Any CPU = Debug|Any CPU
		Release|Any CPU = Release|Any CPU
	EndGlobalSection
	GlobalSection(ProjectConfigurationPlatforms) = postSolution
		{5CBAD617-55D5-4DE9-86E7-DA73429606DF}.Debug|Any CPU.ActiveCfg = Debug|Any CPU
		{5CBAD617-55D5-4DE9-86E7-DA73429606DF}.Debug|Any CPU.Build.0 = Debug|Any CPU
		{5CBAD617-55D5-4DE9-86E7-DA73429606DF}.Release|Any CPU.ActiveCfg = Release|Any CPU
		{5CBAD617-55D5-4DE9-86E7-DA73429606DF}.Release|Any CPU.Build.0 = Release|Any CPU
		{45BF6842-6B7F-48BE-B004-AAADC0DCF5B2}.Debug|Any CPU.ActiveCfg = Debug|Any CPU
		{45BF6842-6B7F-48BE-B004-AAADC0DCF5B2}.Debug|Any CPU.Build.0 = Debug|Any CPU
		{45BF6842-6B7F-48BE-B004-AAADC0DCF5B2}.Release|Any CPU.ActiveCfg = Release|Any CPU
		{45BF6842-6B7F-48BE-B004-AAADC0DCF5B2}.Release|Any CPU.Build.0 = Release|Any CPU
		{2DCF4C39-5962-4A91-B042-370A181ED22E}.Debug|Any CPU.ActiveCfg = Debug|Any CPU
		{2DCF4C39-5962-4A91-B042-370A181ED22E}.Debug|Any CPU.Build.0 = Debug|Any CPU
		{2DCF4C39-5962-4A91-B042-370A181ED22E}.Release|Any CPU.ActiveCfg = Release|Any CPU
		{2DCF4C39-5962-4A91-B042-370A181ED22E}.Release|Any CPU.Build.0 = Release|Any CPU
	EndGlobalSection
	GlobalSection(SolutionProperties) = preSolution
		HideSolutionNode = FALSE
	EndGlobalSection
EndGlobal
